
Microsoft Visual Studio Solution File, Format Version 12.00
# Visual Studio Version 16
VisualStudioVersion = 16.0.29728.190
MinimumVisualStudioVersion = 10.0.40219.1
Project("{FAE04EC0-301F-11D3-BF4B-00C04F79EFBC}") = "DeltaWebMap.ProcessManagerServer", "DeltaWebMap.ProcessManagerServer\DeltaWebMap.ProcessManagerServer.csproj", "{07F63C52-34CB-4F1B-BCD0-876486E3A85E}"
EndProject
Project("{9A19103F-16F7-4668-BE54-9A1E7A4F7556}") = "LibDeltaSystem", "..\LibDeltaSystem\LibDeltaSystem\LibDeltaSystem.csproj", "{7EBA9FCB-BD54-48A3-B9CB-EB584C96B5C5}"
EndProject
Global
	GlobalSection(SolutionConfigurationPlatforms) = preSolution
		Debug|Any CPU = Debug|Any CPU
		Release|Any CPU = Release|Any CPU
	EndGlobalSection
	GlobalSection(ProjectConfigurationPlatforms) = postSolution
		{07F63C52-34CB-4F1B-BCD0-876486E3A85E}.Debug|Any CPU.ActiveCfg = Debug|Any CPU
		{07F63C52-34CB-4F1B-BCD0-876486E3A85E}.Debug|Any CPU.Build.0 = Debug|Any CPU
		{07F63C52-34CB-4F1B-BCD0-876486E3A85E}.Release|Any CPU.ActiveCfg = Release|Any CPU
		{07F63C52-34CB-4F1B-BCD0-876486E3A85E}.Release|Any CPU.Build.0 = Release|Any CPU
		{7EBA9FCB-BD54-48A3-B9CB-EB584C96B5C5}.Debug|Any CPU.ActiveCfg = Debug|Any CPU
		{7EBA9FCB-BD54-48A3-B9CB-EB584C96B5C5}.Debug|Any CPU.Build.0 = Debug|Any CPU
		{7EBA9FCB-BD54-48A3-B9CB-EB584C96B5C5}.Release|Any CPU.ActiveCfg = Release|Any CPU
		{7EBA9FCB-BD54-48A3-B9CB-EB584C96B5C5}.Release|Any CPU.Build.0 = Release|Any CPU
	EndGlobalSection
	GlobalSection(SolutionProperties) = preSolution
		HideSolutionNode = FALSE
	EndGlobalSection
	GlobalSection(ExtensibilityGlobals) = postSolution
		SolutionGuid = {AA9491D0-5605-4514-BD4D-B393E1E15A3E}
	EndGlobalSection
EndGlobal
